
Microsoft Visual Studio Solution File, Format Version 12.00
# Visual Studio Version 16
VisualStudioVersion = 16.0.31005.135
MinimumVisualStudioVersion = 10.0.40219.1
Project("{FAE04EC0-301F-11D3-BF4B-00C04F79EFBC}") = "EscrevendoNoCelular", "EscrevendoNoCelular\EscrevendoNoCelular.csproj", "{4A8E6869-3B8A-4C29-9DDC-10AF034413BB}"
EndProject
Project("{FAE04EC0-301F-11D3-BF4B-00C04F79EFBC}") = "Teste", "Teste\Teste.csproj", "{2C3CCE21-F226-4A6E-BE61-0AF9B586D6F1}"
EndProject
Global
	GlobalSection(SolutionConfigurationPlatforms) = preSolution
		Debug|Any CPU = Debug|Any CPU
		Release|Any CPU = Release|Any CPU
	EndGlobalSection
	GlobalSection(ProjectConfigurationPlatforms) = postSolution
		{4A8E6869-3B8A-4C29-9DDC-10AF034413BB}.Debug|Any CPU.ActiveCfg = Debug|Any CPU
		{4A8E6869-3B8A-4C29-9DDC-10AF034413BB}.Debug|Any CPU.Build.0 = Debug|Any CPU
		{4A8E6869-3B8A-4C29-9DDC-10AF034413BB}.Release|Any CPU.ActiveCfg = Release|Any CPU
		{4A8E6869-3B8A-4C29-9DDC-10AF034413BB}.Release|Any CPU.Build.0 = Release|Any CPU
		{2C3CCE21-F226-4A6E-BE61-0AF9B586D6F1}.Debug|Any CPU.ActiveCfg = Debug|Any CPU
		{2C3CCE21-F226-4A6E-BE61-0AF9B586D6F1}.Debug|Any CPU.Build.0 = Debug|Any CPU
		{2C3CCE21-F226-4A6E-BE61-0AF9B586D6F1}.Release|Any CPU.ActiveCfg = Release|Any CPU
		{2C3CCE21-F226-4A6E-BE61-0AF9B586D6F1}.Release|Any CPU.Build.0 = Release|Any CPU
	EndGlobalSection
	GlobalSection(SolutionProperties) = preSolution
		HideSolutionNode = FALSE
	EndGlobalSection
	GlobalSection(ExtensibilityGlobals) = postSolution
		SolutionGuid = {CC698C5F-BE65-4B4D-AA64-5257EB5D4824}
	EndGlobalSection
EndGlobal
